// !$*UTF8*$!
{
	archiveVersion = 1;
	classes = {
	};
	objectVersion = 56;
	objects = {

/* Begin PBXBuildFile section */
		F1140C822A44B8A3000BC469 /* ViewModelResolver.swift in Sources */ = {isa = PBXBuildFile; fileRef = F1140C812A44B8A3000BC469 /* ViewModelResolver.swift */; };
		F1140C842A44D0B2000BC469 /* Photo.swift in Sources */ = {isa = PBXBuildFile; fileRef = F1140C832A44D0B2000BC469 /* Photo.swift */; };
		F1140C8C2A44D9BE000BC469 /* Repository.swift in Sources */ = {isa = PBXBuildFile; fileRef = F1140C8B2A44D9BE000BC469 /* Repository.swift */; };
		F1140C8E2A44DA3C000BC469 /* Repo.swift in Sources */ = {isa = PBXBuildFile; fileRef = F1140C8D2A44DA3C000BC469 /* Repo.swift */; };
		F12853452A49C522006184CD /* ViewModelSvc.swift in Sources */ = {isa = PBXBuildFile; fileRef = F12853442A49C522006184CD /* ViewModelSvc.swift */; };
		F12853482A49CBAF006184CD /* ApiSvc.swift in Sources */ = {isa = PBXBuildFile; fileRef = F12853472A49CBAF006184CD /* ApiSvc.swift */; };
		F128534A2A49D10E006184CD /* AnotherView.swift in Sources */ = {isa = PBXBuildFile; fileRef = F12853492A49D10E006184CD /* AnotherView.swift */; };
		F128534C2A49E057006184CD /* MockViewModel.swift in Sources */ = {isa = PBXBuildFile; fileRef = F128534B2A49E057006184CD /* MockViewModel.swift */; };
		F187E2342A433FB2007BCFE0 /* DependencyInjectionApp.swift in Sources */ = {isa = PBXBuildFile; fileRef = F187E2332A433FB2007BCFE0 /* DependencyInjectionApp.swift */; };
		F187E2362A433FB2007BCFE0 /* ContentView.swift in Sources */ = {isa = PBXBuildFile; fileRef = F187E2352A433FB2007BCFE0 /* ContentView.swift */; };
		F187E2382A433FB4007BCFE0 /* Assets.xcassets in Resources */ = {isa = PBXBuildFile; fileRef = F187E2372A433FB4007BCFE0 /* Assets.xcassets */; };
		F187E23C2A433FB4007BCFE0 /* Preview Assets.xcassets in Resources */ = {isa = PBXBuildFile; fileRef = F187E23B2A433FB4007BCFE0 /* Preview Assets.xcassets */; };
		F187E2432A433FCE007BCFE0 /* MockRepo.swift in Sources */ = {isa = PBXBuildFile; fileRef = F187E2422A433FCE007BCFE0 /* MockRepo.swift */; };
		F187E2452A43404F007BCFE0 /* GoogleService-Info.plist in Resources */ = {isa = PBXBuildFile; fileRef = F187E2442A43404E007BCFE0 /* GoogleService-Info.plist */; };
		F187E2472A43406A007BCFE0 /* Api.swift in Sources */ = {isa = PBXBuildFile; fileRef = F187E2462A43406A007BCFE0 /* Api.swift */; };
		F187E2492A4340AC007BCFE0 /* FirestoreObject.swift in Sources */ = {isa = PBXBuildFile; fileRef = F187E2482A4340AC007BCFE0 /* FirestoreObject.swift */; };
		F187E24B2A4340D8007BCFE0 /* EntityManager.swift in Sources */ = {isa = PBXBuildFile; fileRef = F187E24A2A4340D8007BCFE0 /* EntityManager.swift */; };
		F187E24E2A434153007BCFE0 /* FirebaseFirestore in Frameworks */ = {isa = PBXBuildFile; productRef = F187E24D2A434153007BCFE0 /* FirebaseFirestore */; };
		F187E2502A43417C007BCFE0 /* User.swift in Sources */ = {isa = PBXBuildFile; fileRef = F187E24F2A43417C007BCFE0 /* User.swift */; };
		F187E2532A434244007BCFE0 /* InjectionKey.swift in Sources */ = {isa = PBXBuildFile; fileRef = F187E2522A434244007BCFE0 /* InjectionKey.swift */; };
		F187E2572A434327007BCFE0 /* InjectedValuesExt.swift in Sources */ = {isa = PBXBuildFile; fileRef = F187E2562A434327007BCFE0 /* InjectedValuesExt.swift */; };
		F187E2592A434358007BCFE0 /* InjectedValues.swift in Sources */ = {isa = PBXBuildFile; fileRef = F187E2582A434358007BCFE0 /* InjectedValues.swift */; };
		F187E25B2A4343B5007BCFE0 /* Injected.swift in Sources */ = {isa = PBXBuildFile; fileRef = F187E25A2A4343B5007BCFE0 /* Injected.swift */; };
		F187E25F2A437BDE007BCFE0 /* ViewModel.swift in Sources */ = {isa = PBXBuildFile; fileRef = F187E25E2A437BDE007BCFE0 /* ViewModel.swift */; };
/* End PBXBuildFile section */

/* Begin PBXFileReference section */
		F1140C812A44B8A3000BC469 /* ViewModelResolver.swift */ = {isa = PBXFileReference; lastKnownFileType = sourcecode.swift; path = ViewModelResolver.swift; sourceTree = "<group>"; };
		F1140C832A44D0B2000BC469 /* Photo.swift */ = {isa = PBXFileReference; lastKnownFileType = sourcecode.swift; path = Photo.swift; sourceTree = "<group>"; };
		F1140C8B2A44D9BE000BC469 /* Repository.swift */ = {isa = PBXFileReference; lastKnownFileType = sourcecode.swift; path = Repository.swift; sourceTree = "<group>"; };
		F1140C8D2A44DA3C000BC469 /* Repo.swift */ = {isa = PBXFileReference; lastKnownFileType = sourcecode.swift; path = Repo.swift; sourceTree = "<group>"; };
		F12853442A49C522006184CD /* ViewModelSvc.swift */ = {isa = PBXFileReference; lastKnownFileType = sourcecode.swift; path = ViewModelSvc.swift; sourceTree = "<group>"; };
		F12853472A49CBAF006184CD /* ApiSvc.swift */ = {isa = PBXFileReference; lastKnownFileType = sourcecode.swift; path = ApiSvc.swift; sourceTree = "<group>"; };
		F12853492A49D10E006184CD /* AnotherView.swift */ = {isa = PBXFileReference; lastKnownFileType = sourcecode.swift; path = AnotherView.swift; sourceTree = "<group>"; };
		F128534B2A49E057006184CD /* MockViewModel.swift */ = {isa = PBXFileReference; lastKnownFileType = sourcecode.swift; path = MockViewModel.swift; sourceTree = "<group>"; };
		F187E2302A433FB2007BCFE0 /* DependencyInjection.app */ = {isa = PBXFileReference; explicitFileType = wrapper.application; includeInIndex = 0; path = DependencyInjection.app; sourceTree = BUILT_PRODUCTS_DIR; };
		F187E2332A433FB2007BCFE0 /* DependencyInjectionApp.swift */ = {isa = PBXFileReference; lastKnownFileType = sourcecode.swift; path = DependencyInjectionApp.swift; sourceTree = "<group>"; };
		F187E2352A433FB2007BCFE0 /* ContentView.swift */ = {isa = PBXFileReference; lastKnownFileType = sourcecode.swift; path = ContentView.swift; sourceTree = "<group>"; };
		F187E2372A433FB4007BCFE0 /* Assets.xcassets */ = {isa = PBXFileReference; lastKnownFileType = folder.assetcatalog; path = Assets.xcassets; sourceTree = "<group>"; };
		F187E2392A433FB4007BCFE0 /* DependencyInjection.entitlements */ = {isa = PBXFileReference; lastKnownFileType = text.plist.entitlements; path = DependencyInjection.entitlements; sourceTree = "<group>"; };
		F187E23B2A433FB4007BCFE0 /* Preview Assets.xcassets */ = {isa = PBXFileReference; lastKnownFileType = folder.assetcatalog; path = "Preview Assets.xcassets"; sourceTree = "<group>"; };
		F187E2422A433FCE007BCFE0 /* MockRepo.swift */ = {isa = PBXFileReference; lastKnownFileType = sourcecode.swift; path = MockRepo.swift; sourceTree = "<group>"; };
		F187E2442A43404E007BCFE0 /* GoogleService-Info.plist */ = {isa = PBXFileReference; fileEncoding = 4; lastKnownFileType = text.plist.xml; path = "GoogleService-Info.plist"; sourceTree = "<group>"; };
		F187E2462A43406A007BCFE0 /* Api.swift */ = {isa = PBXFileReference; lastKnownFileType = sourcecode.swift; path = Api.swift; sourceTree = "<group>"; };
		F187E2482A4340AC007BCFE0 /* FirestoreObject.swift */ = {isa = PBXFileReference; lastKnownFileType = sourcecode.swift; path = FirestoreObject.swift; sourceTree = "<group>"; };
		F187E24A2A4340D8007BCFE0 /* EntityManager.swift */ = {isa = PBXFileReference; lastKnownFileType = sourcecode.swift; path = EntityManager.swift; sourceTree = "<group>"; };
		F187E24F2A43417C007BCFE0 /* User.swift */ = {isa = PBXFileReference; lastKnownFileType = sourcecode.swift; path = User.swift; sourceTree = "<group>"; };
		F187E2522A434244007BCFE0 /* InjectionKey.swift */ = {isa = PBXFileReference; lastKnownFileType = sourcecode.swift; path = InjectionKey.swift; sourceTree = "<group>"; };
		F187E2562A434327007BCFE0 /* InjectedValuesExt.swift */ = {isa = PBXFileReference; lastKnownFileType = sourcecode.swift; path = InjectedValuesExt.swift; sourceTree = "<group>"; };
		F187E2582A434358007BCFE0 /* InjectedValues.swift */ = {isa = PBXFileReference; lastKnownFileType = sourcecode.swift; path = InjectedValues.swift; sourceTree = "<group>"; };
		F187E25A2A4343B5007BCFE0 /* Injected.swift */ = {isa = PBXFileReference; lastKnownFileType = sourcecode.swift; path = Injected.swift; sourceTree = "<group>"; };
		F187E25E2A437BDE007BCFE0 /* ViewModel.swift */ = {isa = PBXFileReference; lastKnownFileType = sourcecode.swift; path = ViewModel.swift; sourceTree = "<group>"; };
/* End PBXFileReference section */

/* Begin PBXFrameworksBuildPhase section */
		F187E22D2A433FB2007BCFE0 /* Frameworks */ = {
			isa = PBXFrameworksBuildPhase;
			buildActionMask = 2147483647;
			files = (
				F187E24E2A434153007BCFE0 /* FirebaseFirestore in Frameworks */,
			);
			runOnlyForDeploymentPostprocessing = 0;
		};
/* End PBXFrameworksBuildPhase section */

/* Begin PBXGroup section */
		F187E2272A433FB2007BCFE0 = {
			isa = PBXGroup;
			children = (
				F187E2322A433FB2007BCFE0 /* DependencyInjection */,
				F187E2312A433FB2007BCFE0 /* Products */,
			);
			sourceTree = "<group>";
		};
		F187E2312A433FB2007BCFE0 /* Products */ = {
			isa = PBXGroup;
			children = (
				F187E2302A433FB2007BCFE0 /* DependencyInjection.app */,
			);
			name = Products;
			sourceTree = "<group>";
		};
		F187E2322A433FB2007BCFE0 /* DependencyInjection */ = {
			isa = PBXGroup;
			children = (
				F187E2442A43404E007BCFE0 /* GoogleService-Info.plist */,
				F187E2612A4382CF007BCFE0 /* Dependencies */,
				F187E2512A434234007BCFE0 /* DI */,
				F187E2332A433FB2007BCFE0 /* DependencyInjectionApp.swift */,
				F187E2352A433FB2007BCFE0 /* ContentView.swift */,
				F12853492A49D10E006184CD /* AnotherView.swift */,
				F187E2482A4340AC007BCFE0 /* FirestoreObject.swift */,
				F187E24F2A43417C007BCFE0 /* User.swift */,
				F1140C832A44D0B2000BC469 /* Photo.swift */,
				F187E2372A433FB4007BCFE0 /* Assets.xcassets */,
				F187E2392A433FB4007BCFE0 /* DependencyInjection.entitlements */,
				F187E23A2A433FB4007BCFE0 /* Preview Content */,
				F1140C8B2A44D9BE000BC469 /* Repository.swift */,
			);
			path = DependencyInjection;
			sourceTree = "<group>";
		};
		F187E23A2A433FB4007BCFE0 /* Preview Content */ = {
			isa = PBXGroup;
			children = (
				F187E23B2A433FB4007BCFE0 /* Preview Assets.xcassets */,
			);
			path = "Preview Content";
			sourceTree = "<group>";
		};
		F187E2512A434234007BCFE0 /* DI */ = {
			isa = PBXGroup;
			children = (
				F187E2522A434244007BCFE0 /* InjectionKey.swift */,
				F187E25A2A4343B5007BCFE0 /* Injected.swift */,
				F187E2582A434358007BCFE0 /* InjectedValues.swift */,
				F187E2562A434327007BCFE0 /* InjectedValuesExt.swift */,
				F1140C812A44B8A3000BC469 /* ViewModelResolver.swift */,
			);
			path = DI;
			sourceTree = "<group>";
		};
		F187E2612A4382CF007BCFE0 /* Dependencies */ = {
			isa = PBXGroup;
			children = (
				F187E2462A43406A007BCFE0 /* Api.swift */,
				F187E24A2A4340D8007BCFE0 /* EntityManager.swift */,
				F1140C8D2A44DA3C000BC469 /* Repo.swift */,
				F187E2422A433FCE007BCFE0 /* MockRepo.swift */,
				F12853442A49C522006184CD /* ViewModelSvc.swift */,
				F187E25E2A437BDE007BCFE0 /* ViewModel.swift */,
				F128534B2A49E057006184CD /* MockViewModel.swift */,
				F12853472A49CBAF006184CD /* ApiSvc.swift */,
			);
			path = Dependencies;
			sourceTree = "<group>";
		};
/* End PBXGroup section */

/* Begin PBXNativeTarget section */
		F187E22F2A433FB2007BCFE0 /* DependencyInjection */ = {
			isa = PBXNativeTarget;
			buildConfigurationList = F187E23F2A433FB4007BCFE0 /* Build configuration list for PBXNativeTarget "DependencyInjection" */;
			buildPhases = (
				F187E22C2A433FB2007BCFE0 /* Sources */,
				F187E22D2A433FB2007BCFE0 /* Frameworks */,
				F187E22E2A433FB2007BCFE0 /* Resources */,
			);
			buildRules = (
			);
			dependencies = (
			);
			name = DependencyInjection;
			packageProductDependencies = (
				F187E24D2A434153007BCFE0 /* FirebaseFirestore */,
			);
			productName = DependencyInjection;
			productReference = F187E2302A433FB2007BCFE0 /* DependencyInjection.app */;
			productType = "com.apple.product-type.application";
		};
/* End PBXNativeTarget section */

/* Begin PBXProject section */
		F187E2282A433FB2007BCFE0 /* Project object */ = {
			isa = PBXProject;
			attributes = {
				BuildIndependentTargetsInParallel = 1;
				LastSwiftUpdateCheck = 1430;
				LastUpgradeCheck = 1430;
				TargetAttributes = {
					F187E22F2A433FB2007BCFE0 = {
						CreatedOnToolsVersion = 14.3;
					};
				};
			};
			buildConfigurationList = F187E22B2A433FB2007BCFE0 /* Build configuration list for PBXProject "DependencyInjection" */;
			compatibilityVersion = "Xcode 14.0";
			developmentRegion = en;
			hasScannedForEncodings = 0;
			knownRegions = (
				en,
				Base,
			);
			mainGroup = F187E2272A433FB2007BCFE0;
			packageReferences = (
				F187E24C2A434153007BCFE0 /* XCRemoteSwiftPackageReference "firebase-ios-sdk" */,
			);
			productRefGroup = F187E2312A433FB2007BCFE0 /* Products */;
			projectDirPath = "";
			projectRoot = "";
			targets = (
				F187E22F2A433FB2007BCFE0 /* DependencyInjection */,
			);
		};
/* End PBXProject section */

/* Begin PBXResourcesBuildPhase section */
		F187E22E2A433FB2007BCFE0 /* Resources */ = {
			isa = PBXResourcesBuildPhase;
			buildActionMask = 2147483647;
			files = (
				F187E23C2A433FB4007BCFE0 /* Preview Assets.xcassets in Resources */,
				F187E2452A43404F007BCFE0 /* GoogleService-Info.plist in Resources */,
				F187E2382A433FB4007BCFE0 /* Assets.xcassets in Resources */,
			);
			runOnlyForDeploymentPostprocessing = 0;
		};
/* End PBXResourcesBuildPhase section */

/* Begin PBXSourcesBuildPhase section */
		F187E22C2A433FB2007BCFE0 /* Sources */ = {
			isa = PBXSourcesBuildPhase;
			buildActionMask = 2147483647;
			files = (
				F128534C2A49E057006184CD /* MockViewModel.swift in Sources */,
				F1140C842A44D0B2000BC469 /* Photo.swift in Sources */,
				F187E2472A43406A007BCFE0 /* Api.swift in Sources */,
				F187E25F2A437BDE007BCFE0 /* ViewModel.swift in Sources */,
				F187E2532A434244007BCFE0 /* InjectionKey.swift in Sources */,
				F187E2492A4340AC007BCFE0 /* FirestoreObject.swift in Sources */,
				F128534A2A49D10E006184CD /* AnotherView.swift in Sources */,
				F12853452A49C522006184CD /* ViewModelSvc.swift in Sources */,
				F187E24B2A4340D8007BCFE0 /* EntityManager.swift in Sources */,
				F187E2572A434327007BCFE0 /* InjectedValuesExt.swift in Sources */,
				F187E2592A434358007BCFE0 /* InjectedValues.swift in Sources */,
				F1140C8E2A44DA3C000BC469 /* Repo.swift in Sources */,
				F187E2432A433FCE007BCFE0 /* MockRepo.swift in Sources */,
				F187E2362A433FB2007BCFE0 /* ContentView.swift in Sources */,
				F1140C8C2A44D9BE000BC469 /* Repository.swift in Sources */,
				F187E2342A433FB2007BCFE0 /* DependencyInjectionApp.swift in Sources */,
				F187E2502A43417C007BCFE0 /* User.swift in Sources */,
				F12853482A49CBAF006184CD /* ApiSvc.swift in Sources */,
				F187E25B2A4343B5007BCFE0 /* Injected.swift in Sources */,
				F1140C822A44B8A3000BC469 /* ViewModelResolver.swift in Sources */,
			);
			runOnlyForDeploymentPostprocessing = 0;
		};
/* End PBXSourcesBuildPhase section */

/* Begin XCBuildConfiguration section */
		F187E23D2A433FB4007BCFE0 /* Debug */ = {
			isa = XCBuildConfiguration;
			buildSettings = {
				ALWAYS_SEARCH_USER_PATHS = NO;
				CLANG_ANALYZER_NONNULL = YES;
				CLANG_ANALYZER_NUMBER_OBJECT_CONVERSION = YES_AGGRESSIVE;
				CLANG_CXX_LANGUAGE_STANDARD = "gnu++20";
				CLANG_ENABLE_MODULES = YES;
				CLANG_ENABLE_OBJC_ARC = YES;
				CLANG_ENABLE_OBJC_WEAK = YES;
				CLANG_WARN_BLOCK_CAPTURE_AUTORELEASING = YES;
				CLANG_WARN_BOOL_CONVERSION = YES;
				CLANG_WARN_COMMA = YES;
				CLANG_WARN_CONSTANT_CONVERSION = YES;
				CLANG_WARN_DEPRECATED_OBJC_IMPLEMENTATIONS = YES;
				CLANG_WARN_DIRECT_OBJC_ISA_USAGE = YES_ERROR;
				CLANG_WARN_DOCUMENTATION_COMMENTS = YES;
				CLANG_WARN_EMPTY_BODY = YES;
				CLANG_WARN_ENUM_CONVERSION = YES;
				CLANG_WARN_INFINITE_RECURSION = YES;
				CLANG_WARN_INT_CONVERSION = YES;
				CLANG_WARN_NON_LITERAL_NULL_CONVERSION = YES;
				CLANG_WARN_OBJC_IMPLICIT_RETAIN_SELF = YES;
				CLANG_WARN_OBJC_LITERAL_CONVERSION = YES;
				CLANG_WARN_OBJC_ROOT_CLASS = YES_ERROR;
				CLANG_WARN_QUOTED_INCLUDE_IN_FRAMEWORK_HEADER = YES;
				CLANG_WARN_RANGE_LOOP_ANALYSIS = YES;
				CLANG_WARN_STRICT_PROTOTYPES = YES;
				CLANG_WARN_SUSPICIOUS_MOVE = YES;
				CLANG_WARN_UNGUARDED_AVAILABILITY = YES_AGGRESSIVE;
				CLANG_WARN_UNREACHABLE_CODE = YES;
				CLANG_WARN__DUPLICATE_METHOD_MATCH = YES;
				COPY_PHASE_STRIP = NO;
				DEBUG_INFORMATION_FORMAT = dwarf;
				ENABLE_STRICT_OBJC_MSGSEND = YES;
				ENABLE_TESTABILITY = YES;
				GCC_C_LANGUAGE_STANDARD = gnu11;
				GCC_DYNAMIC_NO_PIC = NO;
				GCC_NO_COMMON_BLOCKS = YES;
				GCC_OPTIMIZATION_LEVEL = 0;
				GCC_PREPROCESSOR_DEFINITIONS = (
					"DEBUG=1",
					"$(inherited)",
				);
				GCC_WARN_64_TO_32_BIT_CONVERSION = YES;
				GCC_WARN_ABOUT_RETURN_TYPE = YES_ERROR;
				GCC_WARN_UNDECLARED_SELECTOR = YES;
				GCC_WARN_UNINITIALIZED_AUTOS = YES_AGGRESSIVE;
				GCC_WARN_UNUSED_FUNCTION = YES;
				GCC_WARN_UNUSED_VARIABLE = YES;
				MTL_ENABLE_DEBUG_INFO = INCLUDE_SOURCE;
				MTL_FAST_MATH = YES;
				ONLY_ACTIVE_ARCH = YES;
				SWIFT_ACTIVE_COMPILATION_CONDITIONS = DEBUG;
				SWIFT_OPTIMIZATION_LEVEL = "-Onone";
			};
			name = Debug;
		};
		F187E23E2A433FB4007BCFE0 /* Release */ = {
			isa = XCBuildConfiguration;
			buildSettings = {
				ALWAYS_SEARCH_USER_PATHS = NO;
				CLANG_ANALYZER_NONNULL = YES;
				CLANG_ANALYZER_NUMBER_OBJECT_CONVERSION = YES_AGGRESSIVE;
				CLANG_CXX_LANGUAGE_STANDARD = "gnu++20";
				CLANG_ENABLE_MODULES = YES;
				CLANG_ENABLE_OBJC_ARC = YES;
				CLANG_ENABLE_OBJC_WEAK = YES;
				CLANG_WARN_BLOCK_CAPTURE_AUTORELEASING = YES;
				CLANG_WARN_BOOL_CONVERSION = YES;
				CLANG_WARN_COMMA = YES;
				CLANG_WARN_CONSTANT_CONVERSION = YES;
				CLANG_WARN_DEPRECATED_OBJC_IMPLEMENTATIONS = YES;
				CLANG_WARN_DIRECT_OBJC_ISA_USAGE = YES_ERROR;
				CLANG_WARN_DOCUMENTATION_COMMENTS = YES;
				CLANG_WARN_EMPTY_BODY = YES;
				CLANG_WARN_ENUM_CONVERSION = YES;
				CLANG_WARN_INFINITE_RECURSION = YES;
				CLANG_WARN_INT_CONVERSION = YES;
				CLANG_WARN_NON_LITERAL_NULL_CONVERSION = YES;
				CLANG_WARN_OBJC_IMPLICIT_RETAIN_SELF = YES;
				CLANG_WARN_OBJC_LITERAL_CONVERSION = YES;
				CLANG_WARN_OBJC_ROOT_CLASS = YES_ERROR;
				CLANG_WARN_QUOTED_INCLUDE_IN_FRAMEWORK_HEADER = YES;
				CLANG_WARN_RANGE_LOOP_ANALYSIS = YES;
				CLANG_WARN_STRICT_PROTOTYPES = YES;
				CLANG_WARN_SUSPICIOUS_MOVE = YES;
				CLANG_WARN_UNGUARDED_AVAILABILITY = YES_AGGRESSIVE;
				CLANG_WARN_UNREACHABLE_CODE = YES;
				CLANG_WARN__DUPLICATE_METHOD_MATCH = YES;
				COPY_PHASE_STRIP = NO;
				DEBUG_INFORMATION_FORMAT = "dwarf-with-dsym";
				ENABLE_NS_ASSERTIONS = NO;
				ENABLE_STRICT_OBJC_MSGSEND = YES;
				GCC_C_LANGUAGE_STANDARD = gnu11;
				GCC_NO_COMMON_BLOCKS = YES;
				GCC_WARN_64_TO_32_BIT_CONVERSION = YES;
				GCC_WARN_ABOUT_RETURN_TYPE = YES_ERROR;
				GCC_WARN_UNDECLARED_SELECTOR = YES;
				GCC_WARN_UNINITIALIZED_AUTOS = YES_AGGRESSIVE;
				GCC_WARN_UNUSED_FUNCTION = YES;
				GCC_WARN_UNUSED_VARIABLE = YES;
				MTL_ENABLE_DEBUG_INFO = NO;
				MTL_FAST_MATH = YES;
				SWIFT_COMPILATION_MODE = wholemodule;
				SWIFT_OPTIMIZATION_LEVEL = "-O";
			};
			name = Release;
		};
		F187E2402A433FB4007BCFE0 /* Debug */ = {
			isa = XCBuildConfiguration;
			buildSettings = {
				ASSETCATALOG_COMPILER_APPICON_NAME = AppIcon;
				ASSETCATALOG_COMPILER_GLOBAL_ACCENT_COLOR_NAME = AccentColor;
				CODE_SIGN_ENTITLEMENTS = DependencyInjection/DependencyInjection.entitlements;
				CODE_SIGN_STYLE = Automatic;
				CURRENT_PROJECT_VERSION = 1;
				DEVELOPMENT_ASSET_PATHS = "\"DependencyInjection/Preview Content\"";
				DEVELOPMENT_TEAM = BX49FLG93W;
				ENABLE_HARDENED_RUNTIME = YES;
				ENABLE_PREVIEWS = YES;
				GENERATE_INFOPLIST_FILE = YES;
				"INFOPLIST_KEY_UIApplicationSceneManifest_Generation[sdk=iphoneos*]" = YES;
				"INFOPLIST_KEY_UIApplicationSceneManifest_Generation[sdk=iphonesimulator*]" = YES;
				"INFOPLIST_KEY_UIApplicationSupportsIndirectInputEvents[sdk=iphoneos*]" = YES;
				"INFOPLIST_KEY_UIApplicationSupportsIndirectInputEvents[sdk=iphonesimulator*]" = YES;
				"INFOPLIST_KEY_UILaunchScreen_Generation[sdk=iphoneos*]" = YES;
				"INFOPLIST_KEY_UILaunchScreen_Generation[sdk=iphonesimulator*]" = YES;
				"INFOPLIST_KEY_UIStatusBarStyle[sdk=iphoneos*]" = UIStatusBarStyleDefault;
				"INFOPLIST_KEY_UIStatusBarStyle[sdk=iphonesimulator*]" = UIStatusBarStyleDefault;
				INFOPLIST_KEY_UISupportedInterfaceOrientations_iPad = "UIInterfaceOrientationPortrait UIInterfaceOrientationPortraitUpsideDown UIInterfaceOrientationLandscapeLeft UIInterfaceOrientationLandscapeRight";
				INFOPLIST_KEY_UISupportedInterfaceOrientations_iPhone = "UIInterfaceOrientationPortrait UIInterfaceOrientationLandscapeLeft UIInterfaceOrientationLandscapeRight";
				IPHONEOS_DEPLOYMENT_TARGET = 16.4;
				LD_RUNPATH_SEARCH_PATHS = "@executable_path/Frameworks";
				"LD_RUNPATH_SEARCH_PATHS[sdk=macosx*]" = "@executable_path/../Frameworks";
				MACOSX_DEPLOYMENT_TARGET = 13.3;
				MARKETING_VERSION = 1.0;
				PRODUCT_BUNDLE_IDENTIFIER = com.DependencyInjection;
				PRODUCT_NAME = "$(TARGET_NAME)";
				SDKROOT = auto;
				SUPPORTED_PLATFORMS = "iphoneos iphonesimulator macosx";
				SWIFT_EMIT_LOC_STRINGS = YES;
				SWIFT_VERSION = 5.0;
				TARGETED_DEVICE_FAMILY = "1,2";
			};
			name = Debug;
		};
		F187E2412A433FB4007BCFE0 /* Release */ = {
			isa = XCBuildConfiguration;
			buildSettings = {
				ASSETCATALOG_COMPILER_APPICON_NAME = AppIcon;
				ASSETCATALOG_COMPILER_GLOBAL_ACCENT_COLOR_NAME = AccentColor;
				CODE_SIGN_ENTITLEMENTS = DependencyInjection/DependencyInjection.entitlements;
				CODE_SIGN_STYLE = Automatic;
				CURRENT_PROJECT_VERSION = 1;
				DEVELOPMENT_ASSET_PATHS = "\"DependencyInjection/Preview Content\"";
				DEVELOPMENT_TEAM = BX49FLG93W;
				ENABLE_HARDENED_RUNTIME = YES;
				ENABLE_PREVIEWS = YES;
				GENERATE_INFOPLIST_FILE = YES;
				"INFOPLIST_KEY_UIApplicationSceneManifest_Generation[sdk=iphoneos*]" = YES;
				"INFOPLIST_KEY_UIApplicationSceneManifest_Generation[sdk=iphonesimulator*]" = YES;
				"INFOPLIST_KEY_UIApplicationSupportsIndirectInputEvents[sdk=iphoneos*]" = YES;
				"INFOPLIST_KEY_UIApplicationSupportsIndirectInputEvents[sdk=iphonesimulator*]" = YES;
				"INFOPLIST_KEY_UILaunchScreen_Generation[sdk=iphoneos*]" = YES;
				"INFOPLIST_KEY_UILaunchScreen_Generation[sdk=iphonesimulator*]" = YES;
				"INFOPLIST_KEY_UIStatusBarStyle[sdk=iphoneos*]" = UIStatusBarStyleDefault;
				"INFOPLIST_KEY_UIStatusBarStyle[sdk=iphonesimulator*]" = UIStatusBarStyleDefault;
				INFOPLIST_KEY_UISupportedInterfaceOrientations_iPad = "UIInterfaceOrientationPortrait UIInterfaceOrientationPortraitUpsideDown UIInterfaceOrientationLandscapeLeft UIInterfaceOrientationLandscapeRight";
				INFOPLIST_KEY_UISupportedInterfaceOrientations_iPhone = "UIInterfaceOrientationPortrait UIInterfaceOrientationLandscapeLeft UIInterfaceOrientationLandscapeRight";
				IPHONEOS_DEPLOYMENT_TARGET = 16.4;
				LD_RUNPATH_SEARCH_PATHS = "@executable_path/Frameworks";
				"LD_RUNPATH_SEARCH_PATHS[sdk=macosx*]" = "@executable_path/../Frameworks";
				MACOSX_DEPLOYMENT_TARGET = 13.3;
				MARKETING_VERSION = 1.0;
				PRODUCT_BUNDLE_IDENTIFIER = com.DependencyInjection;
				PRODUCT_NAME = "$(TARGET_NAME)";
				SDKROOT = auto;
				SUPPORTED_PLATFORMS = "iphoneos iphonesimulator macosx";
				SWIFT_EMIT_LOC_STRINGS = YES;
				SWIFT_VERSION = 5.0;
				TARGETED_DEVICE_FAMILY = "1,2";
			};
			name = Release;
		};
/* End XCBuildConfiguration section */

/* Begin XCConfigurationList section */
		F187E22B2A433FB2007BCFE0 /* Build configuration list for PBXProject "DependencyInjection" */ = {
			isa = XCConfigurationList;
			buildConfigurations = (
				F187E23D2A433FB4007BCFE0 /* Debug */,
				F187E23E2A433FB4007BCFE0 /* Release */,
			);
			defaultConfigurationIsVisible = 0;
			defaultConfigurationName = Release;
		};
		F187E23F2A433FB4007BCFE0 /* Build configuration list for PBXNativeTarget "DependencyInjection" */ = {
			isa = XCConfigurationList;
			buildConfigurations = (
				F187E2402A433FB4007BCFE0 /* Debug */,
				F187E2412A433FB4007BCFE0 /* Release */,
			);
			defaultConfigurationIsVisible = 0;
			defaultConfigurationName = Release;
		};
/* End XCConfigurationList section */

/* Begin XCRemoteSwiftPackageReference section */
		F187E24C2A434153007BCFE0 /* XCRemoteSwiftPackageReference "firebase-ios-sdk" */ = {
			isa = XCRemoteSwiftPackageReference;
			repositoryURL = "https://github.com/firebase/firebase-ios-sdk.git";
			requirement = {
				kind = upToNextMajorVersion;
				minimumVersion = 10.0.0;
			};
		};
/* End XCRemoteSwiftPackageReference section */

/* Begin XCSwiftPackageProductDependency section */
		F187E24D2A434153007BCFE0 /* FirebaseFirestore */ = {
			isa = XCSwiftPackageProductDependency;
			package = F187E24C2A434153007BCFE0 /* XCRemoteSwiftPackageReference "firebase-ios-sdk" */;
			productName = FirebaseFirestore;
		};
/* End XCSwiftPackageProductDependency section */
	};
	rootObject = F187E2282A433FB2007BCFE0 /* Project object */;
}
